
Microsoft Visual Studio Solution File, Format Version 12.00
# Visual Studio Version 16
VisualStudioVersion = 16.0.28803.452
MinimumVisualStudioVersion = 10.0.40219.1
Project("{FAE04EC0-301F-11D3-BF4B-00C04F79EFBC}") = "MvcUserRoles", "MvcUserRoles\MvcUserRoles.csproj", "{191FA3C1-1969-40AE-B9BC-BDA936E335F3}"
EndProject
Global
	GlobalSection(SolutionConfigurationPlatforms) = preSolution
		Debug|Any CPU = Debug|Any CPU
		Release|Any CPU = Release|Any CPU
	EndGlobalSection
	GlobalSection(ProjectConfigurationPlatforms) = postSolution
		{191FA3C1-1969-40AE-B9BC-BDA936E335F3}.Debug|Any CPU.ActiveCfg = Debug|Any CPU
		{191FA3C1-1969-40AE-B9BC-BDA936E335F3}.Debug|Any CPU.Build.0 = Debug|Any CPU
		{191FA3C1-1969-40AE-B9BC-BDA936E335F3}.Release|Any CPU.ActiveCfg = Release|Any CPU
		{191FA3C1-1969-40AE-B9BC-BDA936E335F3}.Release|Any CPU.Build.0 = Release|Any CPU
	EndGlobalSection
	GlobalSection(SolutionProperties) = preSolution
		HideSolutionNode = FALSE
	EndGlobalSection
	GlobalSection(ExtensibilityGlobals) = postSolution
		SolutionGuid = {F617D891-DDC2-4D16-A831-27D52FD2E839}
	EndGlobalSection
EndGlobal
